
Microsoft Visual Studio Solution File, Format Version 12.00
# Visual Studio Version 16
VisualStudioVersion = 16.0.30114.105
MinimumVisualStudioVersion = 10.0.40219.1
Project("{FAE04EC0-301F-11D3-BF4B-00C04F79EFBC}") = "MiniSai", "MiniSai\MiniSai.csproj", "{2403784F-64F2-43A3-BCCA-62C864259543}"
EndProject
Global
	GlobalSection(SolutionConfigurationPlatforms) = preSolution
		Debug|Any CPU = Debug|Any CPU
		Release|Any CPU = Release|Any CPU
	EndGlobalSection
	GlobalSection(ProjectConfigurationPlatforms) = postSolution
		{2403784F-64F2-43A3-BCCA-62C864259543}.Debug|Any CPU.ActiveCfg = Debug|Any CPU
		{2403784F-64F2-43A3-BCCA-62C864259543}.Debug|Any CPU.Build.0 = Debug|Any CPU
		{2403784F-64F2-43A3-BCCA-62C864259543}.Release|Any CPU.ActiveCfg = Release|Any CPU
		{2403784F-64F2-43A3-BCCA-62C864259543}.Release|Any CPU.Build.0 = Release|Any CPU
	EndGlobalSection
	GlobalSection(SolutionProperties) = preSolution
		HideSolutionNode = FALSE
	EndGlobalSection
	GlobalSection(ExtensibilityGlobals) = postSolution
		SolutionGuid = {2B0CB4D5-CC01-4ACD-8970-7B72B341EB96}
	EndGlobalSection
EndGlobal
